
Microsoft Visual Studio Solution File, Format Version 12.00
Project("{FAE04EC0-301F-11D3-BF4B-00C04F79EFBC}") = "TccBackendUmc.Api", "TccBackendUmc.Api\TccBackendUmc.Api.csproj", "{16179148-0D2D-4A57-AEDE-5A324B3FC459}"
EndProject
Project("{FAE04EC0-301F-11D3-BF4B-00C04F79EFBC}") = "TccBackendUmc.Domain", "TccBackendUmc.Domain\TccBackendUmc.Domain.csproj", "{00B1C725-2F31-4F7E-97CC-95625702B3BF}"
EndProject
Project("{FAE04EC0-301F-11D3-BF4B-00C04F79EFBC}") = "TccBackendUmc.Infrastructure", "TccBackendUmc.Infrastructure\TccBackendUmc.Infrastructure.csproj", "{9EBBD8EC-4C33-42FA-87DA-D496109A529E}"
EndProject
Project("{FAE04EC0-301F-11D3-BF4B-00C04F79EFBC}") = "TccBackendUmc.Application", "TccBackendUmc.Application\TccBackendUmc.Application.csproj", "{86AA00BF-C7FB-4DAF-9F49-05ADED1C79BD}"
EndProject
Project("{FAE04EC0-301F-11D3-BF4B-00C04F79EFBC}") = "TccBackendUmc.Utility", "TccBackendUmc.Utility\TccBackendUmc.Utility.csproj", "{1849C7E5-54B1-48A5-81E4-C8AC796A20E3}"
EndProject
Project("{FAE04EC0-301F-11D3-BF4B-00C04F79EFBC}") = "TccBackendUmc.Ioc", "TccBackendUmc.Ioc\TccBackendUmc.Ioc.csproj", "{CDD448C5-3B3B-4E9E-BAC2-F81CA7118298}"
EndProject
Global
	GlobalSection(SolutionConfigurationPlatforms) = preSolution
		Debug|Any CPU = Debug|Any CPU
		Release|Any CPU = Release|Any CPU
	EndGlobalSection
	GlobalSection(ProjectConfigurationPlatforms) = postSolution
		{16179148-0D2D-4A57-AEDE-5A324B3FC459}.Debug|Any CPU.ActiveCfg = Debug|Any CPU
		{16179148-0D2D-4A57-AEDE-5A324B3FC459}.Debug|Any CPU.Build.0 = Debug|Any CPU
		{16179148-0D2D-4A57-AEDE-5A324B3FC459}.Release|Any CPU.ActiveCfg = Release|Any CPU
		{16179148-0D2D-4A57-AEDE-5A324B3FC459}.Release|Any CPU.Build.0 = Release|Any CPU
		{00B1C725-2F31-4F7E-97CC-95625702B3BF}.Debug|Any CPU.ActiveCfg = Debug|Any CPU
		{00B1C725-2F31-4F7E-97CC-95625702B3BF}.Debug|Any CPU.Build.0 = Debug|Any CPU
		{00B1C725-2F31-4F7E-97CC-95625702B3BF}.Release|Any CPU.ActiveCfg = Release|Any CPU
		{00B1C725-2F31-4F7E-97CC-95625702B3BF}.Release|Any CPU.Build.0 = Release|Any CPU
		{9EBBD8EC-4C33-42FA-87DA-D496109A529E}.Debug|Any CPU.ActiveCfg = Debug|Any CPU
		{9EBBD8EC-4C33-42FA-87DA-D496109A529E}.Debug|Any CPU.Build.0 = Debug|Any CPU
		{9EBBD8EC-4C33-42FA-87DA-D496109A529E}.Release|Any CPU.ActiveCfg = Release|Any CPU
		{9EBBD8EC-4C33-42FA-87DA-D496109A529E}.Release|Any CPU.Build.0 = Release|Any CPU
		{86AA00BF-C7FB-4DAF-9F49-05ADED1C79BD}.Debug|Any CPU.ActiveCfg = Debug|Any CPU
		{86AA00BF-C7FB-4DAF-9F49-05ADED1C79BD}.Debug|Any CPU.Build.0 = Debug|Any CPU
		{86AA00BF-C7FB-4DAF-9F49-05ADED1C79BD}.Release|Any CPU.ActiveCfg = Release|Any CPU
		{86AA00BF-C7FB-4DAF-9F49-05ADED1C79BD}.Release|Any CPU.Build.0 = Release|Any CPU
		{1849C7E5-54B1-48A5-81E4-C8AC796A20E3}.Debug|Any CPU.ActiveCfg = Debug|Any CPU
		{1849C7E5-54B1-48A5-81E4-C8AC796A20E3}.Debug|Any CPU.Build.0 = Debug|Any CPU
		{1849C7E5-54B1-48A5-81E4-C8AC796A20E3}.Release|Any CPU.ActiveCfg = Release|Any CPU
		{1849C7E5-54B1-48A5-81E4-C8AC796A20E3}.Release|Any CPU.Build.0 = Release|Any CPU
		{CDD448C5-3B3B-4E9E-BAC2-F81CA7118298}.Debug|Any CPU.ActiveCfg = Debug|Any CPU
		{CDD448C5-3B3B-4E9E-BAC2-F81CA7118298}.Debug|Any CPU.Build.0 = Debug|Any CPU
		{CDD448C5-3B3B-4E9E-BAC2-F81CA7118298}.Release|Any CPU.ActiveCfg = Release|Any CPU
		{CDD448C5-3B3B-4E9E-BAC2-F81CA7118298}.Release|Any CPU.Build.0 = Release|Any CPU
	EndGlobalSection
EndGlobal
